
Microsoft Visual Studio Solution File, Format Version 12.00
# Visual Studio Version 16
VisualStudioVersion = 16.0.32002.261
MinimumVisualStudioVersion = 10.0.40219.1
Project("{FAE04EC0-301F-11D3-BF4B-00C04F79EFBC}") = "P2_Sister_11116", "P2_Sister_11116.csproj", "{9745BB5F-973A-41B4-9298-194FF4DD0152}"
EndProject
Global
	GlobalSection(SolutionConfigurationPlatforms) = preSolution
		Debug|Any CPU = Debug|Any CPU
		Release|Any CPU = Release|Any CPU
	EndGlobalSection
	GlobalSection(ProjectConfigurationPlatforms) = postSolution
		{9745BB5F-973A-41B4-9298-194FF4DD0152}.Debug|Any CPU.ActiveCfg = Debug|Any CPU
		{9745BB5F-973A-41B4-9298-194FF4DD0152}.Debug|Any CPU.Build.0 = Debug|Any CPU
		{9745BB5F-973A-41B4-9298-194FF4DD0152}.Release|Any CPU.ActiveCfg = Release|Any CPU
		{9745BB5F-973A-41B4-9298-194FF4DD0152}.Release|Any CPU.Build.0 = Release|Any CPU
	EndGlobalSection
	GlobalSection(SolutionProperties) = preSolution
		HideSolutionNode = FALSE
	EndGlobalSection
	GlobalSection(ExtensibilityGlobals) = postSolution
		SolutionGuid = {755084D8-F44E-4306-997B-6F5B8361E872}
	EndGlobalSection
EndGlobal
