
Microsoft Visual Studio Solution File, Format Version 12.00
# Visual Studio Version 16
VisualStudioVersion = 16.0.32002.261
MinimumVisualStudioVersion = 10.0.40219.1
Project("{FAE04EC0-301F-11D3-BF4B-00C04F79EFBC}") = "P1_Sister_11116", "P1_Sister_11116.csproj", "{81AE63A3-8635-453D-A3B8-3FFB7125CCF2}"
EndProject
Global
	GlobalSection(SolutionConfigurationPlatforms) = preSolution
		Debug|Any CPU = Debug|Any CPU
		Release|Any CPU = Release|Any CPU
	EndGlobalSection
	GlobalSection(ProjectConfigurationPlatforms) = postSolution
		{81AE63A3-8635-453D-A3B8-3FFB7125CCF2}.Debug|Any CPU.ActiveCfg = Debug|Any CPU
		{81AE63A3-8635-453D-A3B8-3FFB7125CCF2}.Debug|Any CPU.Build.0 = Debug|Any CPU
		{81AE63A3-8635-453D-A3B8-3FFB7125CCF2}.Release|Any CPU.ActiveCfg = Release|Any CPU
		{81AE63A3-8635-453D-A3B8-3FFB7125CCF2}.Release|Any CPU.Build.0 = Release|Any CPU
	EndGlobalSection
	GlobalSection(SolutionProperties) = preSolution
		HideSolutionNode = FALSE
	EndGlobalSection
	GlobalSection(ExtensibilityGlobals) = postSolution
		SolutionGuid = {E415CF06-061F-4366-A6A2-9F852A7BD885}
	EndGlobalSection
EndGlobal
