
Microsoft Visual Studio Solution File, Format Version 12.00
# Visual Studio Version 16
VisualStudioVersion = 16.0.32413.511
MinimumVisualStudioVersion = 10.0.40219.1
Project("{FAE04EC0-301F-11D3-BF4B-00C04F79EFBC}") = "AplikasiNonThread_41116", "AplikasiNonThread_41116.csproj", "{9B29D974-3CF2-44FF-87B0-9CE6DA643189}"
EndProject
Global
	GlobalSection(SolutionConfigurationPlatforms) = preSolution
		Debug|Any CPU = Debug|Any CPU
		Release|Any CPU = Release|Any CPU
	EndGlobalSection
	GlobalSection(ProjectConfigurationPlatforms) = postSolution
		{9B29D974-3CF2-44FF-87B0-9CE6DA643189}.Debug|Any CPU.ActiveCfg = Debug|Any CPU
		{9B29D974-3CF2-44FF-87B0-9CE6DA643189}.Debug|Any CPU.Build.0 = Debug|Any CPU
		{9B29D974-3CF2-44FF-87B0-9CE6DA643189}.Release|Any CPU.ActiveCfg = Release|Any CPU
		{9B29D974-3CF2-44FF-87B0-9CE6DA643189}.Release|Any CPU.Build.0 = Release|Any CPU
	EndGlobalSection
	GlobalSection(SolutionProperties) = preSolution
		HideSolutionNode = FALSE
	EndGlobalSection
	GlobalSection(ExtensibilityGlobals) = postSolution
		SolutionGuid = {56A48FD7-7ADA-4CE9-BD19-4F17CB07D14A}
	EndGlobalSection
EndGlobal
