
Microsoft Visual Studio Solution File, Format Version 12.00
# Visual Studio 2013
VisualStudioVersion = 12.0.40629.0
MinimumVisualStudioVersion = 10.0.40219.1
Project("{FAE04EC0-301F-11D3-BF4B-00C04F79EFBC}") = "P71_Sister_WcfCalculator_1116", "P71_Sister_WcfCalculator_1116\P71_Sister_WcfCalculator_1116.csproj", "{FAF978BA-B971-41D9-8DCB-85F04203D5AD}"
EndProject
Global
	GlobalSection(SolutionConfigurationPlatforms) = preSolution
		Debug|Any CPU = Debug|Any CPU
		Release|Any CPU = Release|Any CPU
	EndGlobalSection
	GlobalSection(ProjectConfigurationPlatforms) = postSolution
		{FAF978BA-B971-41D9-8DCB-85F04203D5AD}.Debug|Any CPU.ActiveCfg = Debug|Any CPU
		{FAF978BA-B971-41D9-8DCB-85F04203D5AD}.Debug|Any CPU.Build.0 = Debug|Any CPU
		{FAF978BA-B971-41D9-8DCB-85F04203D5AD}.Release|Any CPU.ActiveCfg = Release|Any CPU
		{FAF978BA-B971-41D9-8DCB-85F04203D5AD}.Release|Any CPU.Build.0 = Release|Any CPU
	EndGlobalSection
	GlobalSection(SolutionProperties) = preSolution
		HideSolutionNode = FALSE
	EndGlobalSection
EndGlobal
